PODS:
  - Kingfisher (6.0.1)
  - SwiftyJSON (4.3.0)

DEPENDENCIES:
  - Kingfisher (~> 6.0)
  - SwiftyJSON (~> 4.0)

SPEC REPOS:
  trunk:
    - Kingfisher
    - SwiftyJSON

SPEC CHECKSUMS:
  Kingfisher: adde87a4f74f6a3845395769354efff593581740
  SwiftyJSON: 6faa0040f8b59dead0ee07436cbf76b73c08fd08

PODFILE CHECKSUM: af9bc4389231bf230d34ebbc2e6293da4e93ee1f

COCOAPODS: 1.10.1
